PODS:
  - OptiDiff (0.1.1):
    - OptiDiff/Diff (= 0.1.1)
    - OptiDiff/UI (= 0.1.1)
  - OptiDiff/Diff (0.1.1)
  - OptiDiff/ExampleApp (0.1.1)
  - OptiDiff/Tests (0.1.1)
  - OptiDiff/UI (0.1.1):
    - OptiDiff/Diff
  - OptiDiff/UITests (0.1.1):
    - OptiDiff/ExampleApp

DEPENDENCIES:
  - OptiDiff (from `../`)
  - OptiDiff/ExampleApp (from `../`)
  - OptiDiff/Tests (from `../`)
  - OptiDiff/UITests (from `../`)

EXTERNAL SOURCES:
  OptiDiff:
    :path: "../"

SPEC CHECKSUMS:
  OptiDiff: 221aedc017e9ba3d4d17586b3d9fe6bc9bc7c835

PODFILE CHECKSUM: 89aa83868632137122bfade030b41cd518bec932

COCOAPODS: 1.8.4
